{
  "version": 4,
  "terraform_version": "1.1.3",
  "serial": 15,
  "lineage": "9adc0b89-620f-31b9-c672-ccf2756303f1",
  "outputs": {},
  "resources": [
    {
      "mode": "managed",
      "type": "helm_release",
      "name": "redis-example-2",
      "provider": "provider[\"registry.terraform.io/hashicorp/helm\"]",
      "instances": [
        {
          "schema_version": 0,
          "attributes": {
            "atomic": false,
            "chart": "redis-ha",
            "cleanup_on_fail": false,
            "create_namespace": false,
            "dependency_update": false,
            "description": null,
            "devel": null,
            "disable_crd_hooks": false,
            "disable_openapi_validation": false,
            "disable_webhooks": false,
            "force_update": false,
            "id": "terraform-redis-test",
            "keyring": null,
            "lint": false,
            "manifest": null,
            "max_history": 0,
            "metadata": [
              {
                "app_version": "6.2.5",
                "chart": "redis-ha",
                "name": "terraform-redis-test",
                "namespace": "jjtest2",
                "revision": 1,
                "values": "{}",
                "version": "4.14.6"
              }
            ],
            "name": "terraform-redis-test",
            "namespace": "jjtest2",
            "postrender": [],
            "recreate_pods": false,
            "render_subchart_notes": true,
            "replace": false,
            "repository": "https://harbor.okestro.cld/chartrepo/test",
            "repository_ca_file": "./harbor.crt",
            "repository_cert_file": null,
            "repository_key_file": null,
            "repository_password": "okestro2018",
            "repository_username": "admin",
            "reset_values": false,
            "reuse_values": false,
            "set": [],
            "set_sensitive": [],
            "skip_crds": false,
            "status": "deployed",
            "timeout": 300,
            "values": null,
            "verify": false,
            "version": "4.14.6",
            "wait": true,
            "wait_for_jobs": false
          },
          "sensitive_attributes": [],
          "private": "bnVsbA=="
        }
      ]
    }
  ]
}
